
Microsoft Visual Studio Solution File, Format Version 12.00
# Visual Studio Version 17
VisualStudioVersion = 17.5.33516.290
MinimumVisualStudioVersion = 10.0.40219.1
Project("{9A19103F-16F7-4668-BE54-9A1E7A4F7556}") = "Infinity.Data", "Infinity.Data\Infinity.Data.csproj", "{811BC0B5-EF34-437A-9EBB-43ECCBAFB78D}"
EndProject
Project("{9A19103F-16F7-4668-BE54-9A1E7A4F7556}") = "Infinity.Services", "Infinity.Services\Infinity.Services.csproj", "{D526F2AE-554C-42CD-B715-994B8DB17C5E}"
EndProject
Project("{9A19103F-16F7-4668-BE54-9A1E7A4F7556}") = "Infinity.Roulette", "Infinity.Roulette\Infinity.Roulette.csproj", "{0097E251-008C-4EAC-9338-20EEECEAC5C7}"
EndProject
Project("{9A19103F-16F7-4668-BE54-9A1E7A4F7556}") = "Infinity.Engine", "Infinity.Engine\Infinity.Engine.csproj", "{7C7FAD39-BE78-4E91-817B-3966E60192BA}"
EndProject
Project("{9A19103F-16F7-4668-BE54-9A1E7A4F7556}") = "Infinity.Roulette.Rework.Data", "Infinity.Roulette.Rework.Data\Infinity.Roulette.Rework.Data.csproj", "{F303EB36-4139-4682-B17D-D967B18D844F}"
EndProject
Project("{9A19103F-16F7-4668-BE54-9A1E7A4F7556}") = "Infinity.Roulette.Rework.Engine", "Infinity.Roulette.Rework.Engine\Infinity.Roulette.Rework.Engine.csproj", "{F0D91D48-9193-459E-9972-CD91D487C615}"
EndProject
Project("{9A19103F-16F7-4668-BE54-9A1E7A4F7556}") = "Infinity.Roulette.Rework.Services", "Infinity.Roulette.Rework.Services\Infinity.Roulette.Rework.Services.csproj", "{700CD65C-1D72-4596-A41A-BB0767EA2212}"
EndProject
Global
	GlobalSection(SolutionConfigurationPlatforms) = preSolution
		Debug|Any CPU = Debug|Any CPU
		Debug|ARM = Debug|ARM
		Debug|ARM64 = Debug|ARM64
		Debug|x64 = Debug|x64
		Debug|x86 = Debug|x86
		Release|Any CPU = Release|Any CPU
		Release|ARM = Release|ARM
		Release|ARM64 = Release|ARM64
		Release|x64 = Release|x64
		Release|x86 = Release|x86
	EndGlobalSection
	GlobalSection(ProjectConfigurationPlatforms) = postSolution
		{811BC0B5-EF34-437A-9EBB-43ECCBAFB78D}.Debug|Any CPU.ActiveCfg = Debug|Any CPU
		{811BC0B5-EF34-437A-9EBB-43ECCBAFB78D}.Debug|Any CPU.Build.0 = Debug|Any CPU
		{811BC0B5-EF34-437A-9EBB-43ECCBAFB78D}.Debug|ARM.ActiveCfg = Debug|Any CPU
		{811BC0B5-EF34-437A-9EBB-43ECCBAFB78D}.Debug|ARM.Build.0 = Debug|Any CPU
		{811BC0B5-EF34-437A-9EBB-43ECCBAFB78D}.Debug|ARM64.ActiveCfg = Debug|Any CPU
		{811BC0B5-EF34-437A-9EBB-43ECCBAFB78D}.Debug|ARM64.Build.0 = Debug|Any CPU
		{811BC0B5-EF34-437A-9EBB-43ECCBAFB78D}.Debug|x64.ActiveCfg = Debug|Any CPU
		{811BC0B5-EF34-437A-9EBB-43ECCBAFB78D}.Debug|x64.Build.0 = Debug|Any CPU
		{811BC0B5-EF34-437A-9EBB-43ECCBAFB78D}.Debug|x86.ActiveCfg = Debug|Any CPU
		{811BC0B5-EF34-437A-9EBB-43ECCBAFB78D}.Debug|x86.Build.0 = Debug|Any CPU
		{811BC0B5-EF34-437A-9EBB-43ECCBAFB78D}.Release|Any CPU.ActiveCfg = Release|Any CPU
		{811BC0B5-EF34-437A-9EBB-43ECCBAFB78D}.Release|Any CPU.Build.0 = Release|Any CPU
		{811BC0B5-EF34-437A-9EBB-43ECCBAFB78D}.Release|ARM.ActiveCfg = Release|Any CPU
		{811BC0B5-EF34-437A-9EBB-43ECCBAFB78D}.Release|ARM.Build.0 = Release|Any CPU
		{811BC0B5-EF34-437A-9EBB-43ECCBAFB78D}.Release|ARM64.ActiveCfg = Release|Any CPU
		{811BC0B5-EF34-437A-9EBB-43ECCBAFB78D}.Release|ARM64.Build.0 = Release|Any CPU
		{811BC0B5-EF34-437A-9EBB-43ECCBAFB78D}.Release|x64.ActiveCfg = Release|Any CPU
		{811BC0B5-EF34-437A-9EBB-43ECCBAFB78D}.Release|x64.Build.0 = Release|Any CPU
		{811BC0B5-EF34-437A-9EBB-43ECCBAFB78D}.Release|x86.ActiveCfg = Release|Any CPU
		{811BC0B5-EF34-437A-9EBB-43ECCBAFB78D}.Release|x86.Build.0 = Release|Any CPU
		{D526F2AE-554C-42CD-B715-994B8DB17C5E}.Debug|Any CPU.ActiveCfg = Debug|Any CPU
		{D526F2AE-554C-42CD-B715-994B8DB17C5E}.Debug|Any CPU.Build.0 = Debug|Any CPU
		{D526F2AE-554C-42CD-B715-994B8DB17C5E}.Debug|ARM.ActiveCfg = Debug|Any CPU
		{D526F2AE-554C-42CD-B715-994B8DB17C5E}.Debug|ARM.Build.0 = Debug|Any CPU
		{D526F2AE-554C-42CD-B715-994B8DB17C5E}.Debug|ARM64.ActiveCfg = Debug|Any CPU
		{D526F2AE-554C-42CD-B715-994B8DB17C5E}.Debug|ARM64.Build.0 = Debug|Any CPU
		{D526F2AE-554C-42CD-B715-994B8DB17C5E}.Debug|x64.ActiveCfg = Debug|Any CPU
		{D526F2AE-554C-42CD-B715-994B8DB17C5E}.Debug|x64.Build.0 = Debug|Any CPU
		{D526F2AE-554C-42CD-B715-994B8DB17C5E}.Debug|x86.ActiveCfg = Debug|Any CPU
		{D526F2AE-554C-42CD-B715-994B8DB17C5E}.Debug|x86.Build.0 = Debug|Any CPU
		{D526F2AE-554C-42CD-B715-994B8DB17C5E}.Release|Any CPU.ActiveCfg = Release|Any CPU
		{D526F2AE-554C-42CD-B715-994B8DB17C5E}.Release|Any CPU.Build.0 = Release|Any CPU
		{D526F2AE-554C-42CD-B715-994B8DB17C5E}.Release|ARM.ActiveCfg = Release|Any CPU
		{D526F2AE-554C-42CD-B715-994B8DB17C5E}.Release|ARM.Build.0 = Release|Any CPU
		{D526F2AE-554C-42CD-B715-994B8DB17C5E}.Release|ARM64.ActiveCfg = Release|Any CPU
		{D526F2AE-554C-42CD-B715-994B8DB17C5E}.Release|ARM64.Build.0 = Release|Any CPU
		{D526F2AE-554C-42CD-B715-994B8DB17C5E}.Release|x64.ActiveCfg = Release|Any CPU
		{D526F2AE-554C-42CD-B715-994B8DB17C5E}.Release|x64.Build.0 = Release|Any CPU
		{D526F2AE-554C-42CD-B715-994B8DB17C5E}.Release|x86.ActiveCfg = Release|Any CPU
		{D526F2AE-554C-42CD-B715-994B8DB17C5E}.Release|x86.Build.0 = Release|Any CPU
		{0097E251-008C-4EAC-9338-20EEECEAC5C7}.Debug|Any CPU.ActiveCfg = Debug|Any CPU
		{0097E251-008C-4EAC-9338-20EEECEAC5C7}.Debug|Any CPU.Build.0 = Debug|Any CPU
		{0097E251-008C-4EAC-9338-20EEECEAC5C7}.Debug|ARM.ActiveCfg = Debug|Any CPU
		{0097E251-008C-4EAC-9338-20EEECEAC5C7}.Debug|ARM.Build.0 = Debug|Any CPU
		{0097E251-008C-4EAC-9338-20EEECEAC5C7}.Debug|ARM64.ActiveCfg = Debug|Any CPU
		{0097E251-008C-4EAC-9338-20EEECEAC5C7}.Debug|ARM64.Build.0 = Debug|Any CPU
		{0097E251-008C-4EAC-9338-20EEECEAC5C7}.Debug|x64.ActiveCfg = Debug|Any CPU
		{0097E251-008C-4EAC-9338-20EEECEAC5C7}.Debug|x64.Build.0 = Debug|Any CPU
		{0097E251-008C-4EAC-9338-20EEECEAC5C7}.Debug|x86.ActiveCfg = Debug|Any CPU
		{0097E251-008C-4EAC-9338-20EEECEAC5C7}.Debug|x86.Build.0 = Debug|Any CPU
		{0097E251-008C-4EAC-9338-20EEECEAC5C7}.Release|Any CPU.ActiveCfg = Release|Any CPU
		{0097E251-008C-4EAC-9338-20EEECEAC5C7}.Release|Any CPU.Build.0 = Release|Any CPU
		{0097E251-008C-4EAC-9338-20EEECEAC5C7}.Release|ARM.ActiveCfg = Release|Any CPU
		{0097E251-008C-4EAC-9338-20EEECEAC5C7}.Release|ARM.Build.0 = Release|Any CPU
		{0097E251-008C-4EAC-9338-20EEECEAC5C7}.Release|ARM64.ActiveCfg = Release|Any CPU
		{0097E251-008C-4EAC-9338-20EEECEAC5C7}.Release|ARM64.Build.0 = Release|Any CPU
		{0097E251-008C-4EAC-9338-20EEECEAC5C7}.Release|x64.ActiveCfg = Release|Any CPU
		{0097E251-008C-4EAC-9338-20EEECEAC5C7}.Release|x64.Build.0 = Release|Any CPU
		{0097E251-008C-4EAC-9338-20EEECEAC5C7}.Release|x86.ActiveCfg = Release|Any CPU
		{0097E251-008C-4EAC-9338-20EEECEAC5C7}.Release|x86.Build.0 = Release|Any CPU
		{7C7FAD39-BE78-4E91-817B-3966E60192BA}.Debug|Any CPU.ActiveCfg = Debug|Any CPU
		{7C7FAD39-BE78-4E91-817B-3966E60192BA}.Debug|Any CPU.Build.0 = Debug|Any CPU
		{7C7FAD39-BE78-4E91-817B-3966E60192BA}.Debug|ARM.ActiveCfg = Debug|Any CPU
		{7C7FAD39-BE78-4E91-817B-3966E60192BA}.Debug|ARM.Build.0 = Debug|Any CPU
		{7C7FAD39-BE78-4E91-817B-3966E60192BA}.Debug|ARM64.ActiveCfg = Debug|Any CPU
		{7C7FAD39-BE78-4E91-817B-3966E60192BA}.Debug|ARM64.Build.0 = Debug|Any CPU
		{7C7FAD39-BE78-4E91-817B-3966E60192BA}.Debug|x64.ActiveCfg = Debug|Any CPU
		{7C7FAD39-BE78-4E91-817B-3966E60192BA}.Debug|x64.Build.0 = Debug|Any CPU
		{7C7FAD39-BE78-4E91-817B-3966E60192BA}.Debug|x86.ActiveCfg = Debug|Any CPU
		{7C7FAD39-BE78-4E91-817B-3966E60192BA}.Debug|x86.Build.0 = Debug|Any CPU
		{7C7FAD39-BE78-4E91-817B-3966E60192BA}.Release|Any CPU.ActiveCfg = Release|Any CPU
		{7C7FAD39-BE78-4E91-817B-3966E60192BA}.Release|Any CPU.Build.0 = Release|Any CPU
		{7C7FAD39-BE78-4E91-817B-3966E60192BA}.Release|ARM.ActiveCfg = Release|Any CPU
		{7C7FAD39-BE78-4E91-817B-3966E60192BA}.Release|ARM.Build.0 = Release|Any CPU
		{7C7FAD39-BE78-4E91-817B-3966E60192BA}.Release|ARM64.ActiveCfg = Release|Any CPU
		{7C7FAD39-BE78-4E91-817B-3966E60192BA}.Release|ARM64.Build.0 = Release|Any CPU
		{7C7FAD39-BE78-4E91-817B-3966E60192BA}.Release|x64.ActiveCfg = Release|Any CPU
		{7C7FAD39-BE78-4E91-817B-3966E60192BA}.Release|x64.Build.0 = Release|Any CPU
		{7C7FAD39-BE78-4E91-817B-3966E60192BA}.Release|x86.ActiveCfg = Release|Any CPU
		{7C7FAD39-BE78-4E91-817B-3966E60192BA}.Release|x86.Build.0 = Release|Any CPU
		{F303EB36-4139-4682-B17D-D967B18D844F}.Debug|Any CPU.ActiveCfg = Debug|Any CPU
		{F303EB36-4139-4682-B17D-D967B18D844F}.Debug|Any CPU.Build.0 = Debug|Any CPU
		{F303EB36-4139-4682-B17D-D967B18D844F}.Debug|ARM.ActiveCfg = Debug|Any CPU
		{F303EB36-4139-4682-B17D-D967B18D844F}.Debug|ARM.Build.0 = Debug|Any CPU
		{F303EB36-4139-4682-B17D-D967B18D844F}.Debug|ARM64.ActiveCfg = Debug|Any CPU
		{F303EB36-4139-4682-B17D-D967B18D844F}.Debug|ARM64.Build.0 = Debug|Any CPU
		{F303EB36-4139-4682-B17D-D967B18D844F}.Debug|x64.ActiveCfg = Debug|Any CPU
		{F303EB36-4139-4682-B17D-D967B18D844F}.Debug|x64.Build.0 = Debug|Any CPU
		{F303EB36-4139-4682-B17D-D967B18D844F}.Debug|x86.ActiveCfg = Debug|Any CPU
		{F303EB36-4139-4682-B17D-D967B18D844F}.Debug|x86.Build.0 = Debug|Any CPU
		{F303EB36-4139-4682-B17D-D967B18D844F}.Release|Any CPU.ActiveCfg = Release|Any CPU
		{F303EB36-4139-4682-B17D-D967B18D844F}.Release|Any CPU.Build.0 = Release|Any CPU
		{F303EB36-4139-4682-B17D-D967B18D844F}.Release|ARM.ActiveCfg = Release|Any CPU
		{F303EB36-4139-4682-B17D-D967B18D844F}.Release|ARM.Build.0 = Release|Any CPU
		{F303EB36-4139-4682-B17D-D967B18D844F}.Release|ARM64.ActiveCfg = Release|Any CPU
		{F303EB36-4139-4682-B17D-D967B18D844F}.Release|ARM64.Build.0 = Release|Any CPU
		{F303EB36-4139-4682-B17D-D967B18D844F}.Release|x64.ActiveCfg = Release|Any CPU
		{F303EB36-4139-4682-B17D-D967B18D844F}.Release|x64.Build.0 = Release|Any CPU
		{F303EB36-4139-4682-B17D-D967B18D844F}.Release|x86.ActiveCfg = Release|Any CPU
		{F303EB36-4139-4682-B17D-D967B18D844F}.Release|x86.Build.0 = Release|Any CPU
		{F0D91D48-9193-459E-9972-CD91D487C615}.Debug|Any CPU.ActiveCfg = Debug|Any CPU
		{F0D91D48-9193-459E-9972-CD91D487C615}.Debug|Any CPU.Build.0 = Debug|Any CPU
		{F0D91D48-9193-459E-9972-CD91D487C615}.Debug|ARM.ActiveCfg = Debug|Any CPU
		{F0D91D48-9193-459E-9972-CD91D487C615}.Debug|ARM.Build.0 = Debug|Any CPU
		{F0D91D48-9193-459E-9972-CD91D487C615}.Debug|ARM64.ActiveCfg = Debug|Any CPU
		{F0D91D48-9193-459E-9972-CD91D487C615}.Debug|ARM64.Build.0 = Debug|Any CPU
		{F0D91D48-9193-459E-9972-CD91D487C615}.Debug|x64.ActiveCfg = Debug|Any CPU
		{F0D91D48-9193-459E-9972-CD91D487C615}.Debug|x64.Build.0 = Debug|Any CPU
		{F0D91D48-9193-459E-9972-CD91D487C615}.Debug|x86.ActiveCfg = Debug|Any CPU
		{F0D91D48-9193-459E-9972-CD91D487C615}.Debug|x86.Build.0 = Debug|Any CPU
		{F0D91D48-9193-459E-9972-CD91D487C615}.Release|Any CPU.ActiveCfg = Release|Any CPU
		{F0D91D48-9193-459E-9972-CD91D487C615}.Release|Any CPU.Build.0 = Release|Any CPU
		{F0D91D48-9193-459E-9972-CD91D487C615}.Release|ARM.ActiveCfg = Release|Any CPU
		{F0D91D48-9193-459E-9972-CD91D487C615}.Release|ARM.Build.0 = Release|Any CPU
		{F0D91D48-9193-459E-9972-CD91D487C615}.Release|ARM64.ActiveCfg = Release|Any CPU
		{F0D91D48-9193-459E-9972-CD91D487C615}.Release|ARM64.Build.0 = Release|Any CPU
		{F0D91D48-9193-459E-9972-CD91D487C615}.Release|x64.ActiveCfg = Release|Any CPU
		{F0D91D48-9193-459E-9972-CD91D487C615}.Release|x64.Build.0 = Release|Any CPU
		{F0D91D48-9193-459E-9972-CD91D487C615}.Release|x86.ActiveCfg = Release|Any CPU
		{F0D91D48-9193-459E-9972-CD91D487C615}.Release|x86.Build.0 = Release|Any CPU
		{700CD65C-1D72-4596-A41A-BB0767EA2212}.Debug|Any CPU.ActiveCfg = Debug|Any CPU
		{700CD65C-1D72-4596-A41A-BB0767EA2212}.Debug|Any CPU.Build.0 = Debug|Any CPU
		{700CD65C-1D72-4596-A41A-BB0767EA2212}.Debug|ARM.ActiveCfg = Debug|Any CPU
		{700CD65C-1D72-4596-A41A-BB0767EA2212}.Debug|ARM.Build.0 = Debug|Any CPU
		{700CD65C-1D72-4596-A41A-BB0767EA2212}.Debug|ARM64.ActiveCfg = Debug|Any CPU
		{700CD65C-1D72-4596-A41A-BB0767EA2212}.Debug|ARM64.Build.0 = Debug|Any CPU
		{700CD65C-1D72-4596-A41A-BB0767EA2212}.Debug|x64.ActiveCfg = Debug|Any CPU
		{700CD65C-1D72-4596-A41A-BB0767EA2212}.Debug|x64.Build.0 = Debug|Any CPU
		{700CD65C-1D72-4596-A41A-BB0767EA2212}.Debug|x86.ActiveCfg = Debug|Any CPU
		{700CD65C-1D72-4596-A41A-BB0767EA2212}.Debug|x86.Build.0 = Debug|Any CPU
		{700CD65C-1D72-4596-A41A-BB0767EA2212}.Release|Any CPU.ActiveCfg = Release|Any CPU
		{700CD65C-1D72-4596-A41A-BB0767EA2212}.Release|Any CPU.Build.0 = Release|Any CPU
		{700CD65C-1D72-4596-A41A-BB0767EA2212}.Release|ARM.ActiveCfg = Release|Any CPU
		{700CD65C-1D72-4596-A41A-BB0767EA2212}.Release|ARM.Build.0 = Release|Any CPU
		{700CD65C-1D72-4596-A41A-BB0767EA2212}.Release|ARM64.ActiveCfg = Release|Any CPU
		{700CD65C-1D72-4596-A41A-BB0767EA2212}.Release|ARM64.Build.0 = Release|Any CPU
		{700CD65C-1D72-4596-A41A-BB0767EA2212}.Release|x64.ActiveCfg = Release|Any CPU
		{700CD65C-1D72-4596-A41A-BB0767EA2212}.Release|x64.Build.0 = Release|Any CPU
		{700CD65C-1D72-4596-A41A-BB0767EA2212}.Release|x86.ActiveCfg = Release|Any CPU
		{700CD65C-1D72-4596-A41A-BB0767EA2212}.Release|x86.Build.0 = Release|Any CPU
	EndGlobalSection
	GlobalSection(SolutionProperties) = preSolution
		HideSolutionNode = FALSE
	EndGlobalSection
	GlobalSection(ExtensibilityGlobals) = postSolution
		SolutionGuid = {78AE5734-5152-4914-9446-648B3092DA1F}
	EndGlobalSection
EndGlobal
